Microsoft Visual Studio Solution File, Format Version 12.00
# Visual Studio 2012
Project("{FAE04EC0-301F-11D3-BF4B-00C04F79EFBC}") = "INT-Online-Coop", "INT-Online-Coop.csproj", "{C07A0A31-5C25-4B14-9ED5-9F8468C50CB6}"
EndProject
Global
	GlobalSection(SolutionConfigurationPlatforms) = preSolution
	Debug|Any CPU = Debug|Any CPU
	ExportDebug|Any CPU = ExportDebug|Any CPU
	ExportRelease|Any CPU = ExportRelease|Any CPU
	EndGlobalSection
	GlobalSection(ProjectConfigurationPlatforms) = postSolution
		{C07A0A31-5C25-4B14-9ED5-9F8468C50CB6}.Debug|Any CPU.ActiveCfg = Debug|Any CPU
		{C07A0A31-5C25-4B14-9ED5-9F8468C50CB6}.Debug|Any CPU.Build.0 = Debug|Any CPU
		{C07A0A31-5C25-4B14-9ED5-9F8468C50CB6}.ExportDebug|Any CPU.ActiveCfg = ExportDebug|Any CPU
		{C07A0A31-5C25-4B14-9ED5-9F8468C50CB6}.ExportDebug|Any CPU.Build.0 = ExportDebug|Any CPU
		{C07A0A31-5C25-4B14-9ED5-9F8468C50CB6}.ExportRelease|Any CPU.ActiveCfg = ExportRelease|Any CPU
		{C07A0A31-5C25-4B14-9ED5-9F8468C50CB6}.ExportRelease|Any CPU.Build.0 = ExportRelease|Any CPU
	EndGlobalSection
EndGlobal
